
Microsoft Visual Studio Solution File, Format Version 12.00
# Visual Studio 15
VisualStudioVersion = 15.0.28307.421
MinimumVisualStudioVersion = 10.0.40219.1
Project("{FAE04EC0-301F-11D3-BF4B-00C04F79EFBC}") = "TestingMVC", "TestingMVC\TestingMVC.csproj", "{2874DDCB-65E7-4C58-B27A-93AAE8FA4A61}"
EndProject
Global
	GlobalSection(SolutionConfigurationPlatforms) = preSolution
		Debug|Any CPU = Debug|Any CPU
		Release|Any CPU = Release|Any CPU
	EndGlobalSection
	GlobalSection(ProjectConfigurationPlatforms) = postSolution
		{2874DDCB-65E7-4C58-B27A-93AAE8FA4A61}.Debug|Any CPU.ActiveCfg = Debug|Any CPU
		{2874DDCB-65E7-4C58-B27A-93AAE8FA4A61}.Debug|Any CPU.Build.0 = Debug|Any CPU
		{2874DDCB-65E7-4C58-B27A-93AAE8FA4A61}.Release|Any CPU.ActiveCfg = Release|Any CPU
		{2874DDCB-65E7-4C58-B27A-93AAE8FA4A61}.Release|Any CPU.Build.0 = Release|Any CPU
	EndGlobalSection
	GlobalSection(SolutionProperties) = preSolution
		HideSolutionNode = FALSE
	EndGlobalSection
	GlobalSection(ExtensibilityGlobals) = postSolution
		SolutionGuid = {BC2D338F-655B-43AA-BAAA-61E6D998AA99}
	EndGlobalSection
EndGlobal
